// !$*UTF8*$!
{
	archiveVersion = 1;
	classes = {
	};
	objectVersion = 56;
	objects = {

/* Begin PBXBuildFile section */
		370F752F298BCE93002B4D31 /* ProgressHUD in Frameworks */ = {isa = PBXBuildFile; productRef = 370F752E298BCE93002B4D31 /* ProgressHUD */; };
		370F7531298C039D002B4D31 /* UIBlockingProgressHUD.swift in Sources */ = {isa = PBXBuildFile; fileRef = 370F7530298C039D002B4D31 /* UIBlockingProgressHUD.swift */; };
		370F7534298C0977002B4D31 /* ProfileService.swift in Sources */ = {isa = PBXBuildFile; fileRef = 370F7533298C0977002B4D31 /* ProfileService.swift */; };
		370F7538298C46BE002B4D31 /* Profile.swift in Sources */ = {isa = PBXBuildFile; fileRef = 370F7537298C46BE002B4D31 /* Profile.swift */; };
		370F753A298C64CB002B4D31 /* ProfileImageService.swift in Sources */ = {isa = PBXBuildFile; fileRef = 370F7539298C64CB002B4D31 /* ProfileImageService.swift */; };
		37280BCA297ADE3200F6FBCD /* OAuthTokenResponseBody.swift in Sources */ = {isa = PBXBuildFile; fileRef = 37280BC9297ADE3200F6FBCD /* OAuthTokenResponseBody.swift */; };
		37280BCC297ADFB000F6FBCD /* OAuth2Service.swift in Sources */ = {isa = PBXBuildFile; fileRef = 37280BCB297ADFAF00F6FBCD /* OAuth2Service.swift */; };
		37305297295F3485004B089F /* SingleImageViewController.swift in Sources */ = {isa = PBXBuildFile; fileRef = 37305296295F3485004B089F /* SingleImageViewController.swift */; };
		37434394295DCC8C0050668F /* ProfileViewController.swift in Sources */ = {isa = PBXBuildFile; fileRef = 37434393295DCC8C0050668F /* ProfileViewController.swift */; };
		37570620297A9E8C0008E379 /* WebViewControllerDelegate.swift in Sources */ = {isa = PBXBuildFile; fileRef = 3757061F297A9E8C0008E379 /* WebViewControllerDelegate.swift */; };
		3763A48C297D8FBB00797E09 /* CustomNavigationController.swift in Sources */ = {isa = PBXBuildFile; fileRef = 3763A48B297D8FBB00797E09 /* CustomNavigationController.swift */; };
		376B6915298FD9B400CB099A /* AlertPresenter.swift in Sources */ = {isa = PBXBuildFile; fileRef = 376B6914298FD9B400CB099A /* AlertPresenter.swift */; };
		376B6917298FDA0D00CB099A /* AlertModel.swift in Sources */ = {isa = PBXBuildFile; fileRef = 376B6916298FDA0D00CB099A /* AlertModel.swift */; };
		376B6919298FDA1800CB099A /* AlertPresenterProtocol.swift in Sources */ = {isa = PBXBuildFile; fileRef = 376B6918298FDA1800CB099A /* AlertPresenterProtocol.swift */; };
		376B691B298FDA2200CB099A /* AlertPresenterDelegate.swift in Sources */ = {isa = PBXBuildFile; fileRef = 376B691A298FDA2200CB099A /* AlertPresenterDelegate.swift */; };
		376B691E298FF48800CB099A /* Kingfisher in Frameworks */ = {isa = PBXBuildFile; productRef = 376B691D298FF48800CB099A /* Kingfisher */; };
		376B6921298FFDC100CB099A /* SwiftKeychainWrapper in Frameworks */ = {isa = PBXBuildFile; productRef = 376B6920298FFDC100CB099A /* SwiftKeychainWrapper */; };
		376B6927299010CA00CB099A /* TabBarController.swift in Sources */ = {isa = PBXBuildFile; fileRef = 376B6926299010CA00CB099A /* TabBarController.swift */; };
		378B6C70294E3E66001A3632 /* ImagesListCell.swift in Sources */ = {isa = PBXBuildFile; fileRef = 378B6C6F294E3E66001A3632 /* ImagesListCell.swift */; };
		37C92E9F297C5BA8004EE4B4 /* URL+Extensions.swift in Sources */ = {isa = PBXBuildFile; fileRef = 37C92E9E297C5BA8004EE4B4 /* URL+Extensions.swift */; };
		37C92EA1297C5BCD004EE4B4 /* OAuth2TokenStorage.swift in Sources */ = {isa = PBXBuildFile; fileRef = 37C92EA0297C5BCD004EE4B4 /* OAuth2TokenStorage.swift */; };
		37C92EA3297C6F5D004EE4B4 /* SplashViewController.swift in Sources */ = {isa = PBXBuildFile; fileRef = 37C92EA2297C6F5D004EE4B4 /* SplashViewController.swift */; };
		37C938D7294E34930068B964 /* AppDelegate.swift in Sources */ = {isa = PBXBuildFile; fileRef = 37C938D6294E34930068B964 /* AppDelegate.swift */; };
		37C938D9294E34930068B964 /* SceneDelegate.swift in Sources */ = {isa = PBXBuildFile; fileRef = 37C938D8294E34930068B964 /* SceneDelegate.swift */; };
		37C938DB294E34930068B964 /* ImagesListViewController.swift in Sources */ = {isa = PBXBuildFile; fileRef = 37C938DA294E34930068B964 /* ImagesListViewController.swift */; };
		37C938E0294E34940068B964 /* Assets.xcassets in Resources */ = {isa = PBXBuildFile; fileRef = 37C938DF294E34940068B964 /* Assets.xcassets */; };
		37C938EC294E34C40068B964 /* UIColor+Extensions.swift in Sources */ = {isa = PBXBuildFile; fileRef = 37C938EB294E34C40068B964 /* UIColor+Extensions.swift */; };
		37FCDC4F2979B5D700526F77 /* Constants.swift in Sources */ = {isa = PBXBuildFile; fileRef = 37FCDC4E2979B5D700526F77 /* Constants.swift */; };
		37FCDC512979BFA800526F77 /* AuthViewController.swift in Sources */ = {isa = PBXBuildFile; fileRef = 37FCDC502979BFA800526F77 /* AuthViewController.swift */; };
		37FCDC532979C56400526F77 /* WebViewViewController.swift in Sources */ = {isa = PBXBuildFile; fileRef = 37FCDC522979C56400526F77 /* WebViewViewController.swift */; };
/* End PBXBuildFile section */

/* Begin PBXFileReference section */
		370F7530298C039D002B4D31 /* UIBlockingProgressHUD.swift */ = {isa = PBXFileReference; lastKnownFileType = sourcecode.swift; path = UIBlockingProgressHUD.swift; sourceTree = "<group>"; };
		370F7533298C0977002B4D31 /* ProfileService.swift */ = {isa = PBXFileReference; lastKnownFileType = sourcecode.swift; path = ProfileService.swift; sourceTree = "<group>"; };
		370F7537298C46BE002B4D31 /* Profile.swift */ = {isa = PBXFileReference; lastKnownFileType = sourcecode.swift; path = Profile.swift; sourceTree = "<group>"; };
		370F7539298C64CB002B4D31 /* ProfileImageService.swift */ = {isa = PBXFileReference; lastKnownFileType = sourcecode.swift; path = ProfileImageService.swift; sourceTree = "<group>"; };
		37280BC9297ADE3200F6FBCD /* OAuthTokenResponseBody.swift */ = {isa = PBXFileReference; lastKnownFileType = sourcecode.swift; path = OAuthTokenResponseBody.swift; sourceTree = "<group>"; };
		37280BCB297ADFAF00F6FBCD /* OAuth2Service.swift */ = {isa = PBXFileReference; lastKnownFileType = sourcecode.swift; path = OAuth2Service.swift; sourceTree = "<group>"; };
		37305296295F3485004B089F /* SingleImageViewController.swift */ = {isa = PBXFileReference; lastKnownFileType = sourcecode.swift; path = SingleImageViewController.swift; sourceTree = "<group>"; };
		37434393295DCC8C0050668F /* ProfileViewController.swift */ = {isa = PBXFileReference; lastKnownFileType = sourcecode.swift; path = ProfileViewController.swift; sourceTree = "<group>"; };
		3757061F297A9E8C0008E379 /* WebViewControllerDelegate.swift */ = {isa = PBXFileReference; lastKnownFileType = sourcecode.swift; path = WebViewControllerDelegate.swift; sourceTree = "<group>"; };
		3763A48B297D8FBB00797E09 /* CustomNavigationController.swift */ = {isa = PBXFileReference; lastKnownFileType = sourcecode.swift; path = CustomNavigationController.swift; sourceTree = "<group>"; };
		376B6914298FD9B400CB099A /* AlertPresenter.swift */ = {isa = PBXFileReference; lastKnownFileType = sourcecode.swift; path = AlertPresenter.swift; sourceTree = "<group>"; };
		376B6916298FDA0D00CB099A /* AlertModel.swift */ = {isa = PBXFileReference; lastKnownFileType = sourcecode.swift; path = AlertModel.swift; sourceTree = "<group>"; };
		376B6918298FDA1800CB099A /* AlertPresenterProtocol.swift */ = {isa = PBXFileReference; lastKnownFileType = sourcecode.swift; path = AlertPresenterProtocol.swift; sourceTree = "<group>"; };
		376B691A298FDA2200CB099A /* AlertPresenterDelegate.swift */ = {isa = PBXFileReference; lastKnownFileType = sourcecode.swift; path = AlertPresenterDelegate.swift; sourceTree = "<group>"; };
		376B6926299010CA00CB099A /* TabBarController.swift */ = {isa = PBXFileReference; lastKnownFileType = sourcecode.swift; path = TabBarController.swift; sourceTree = "<group>"; };
		378B6C6F294E3E66001A3632 /* ImagesListCell.swift */ = {isa = PBXFileReference; lastKnownFileType = sourcecode.swift; path = ImagesListCell.swift; sourceTree = "<group>"; };
		37C92E9E297C5BA8004EE4B4 /* URL+Extensions.swift */ = {isa = PBXFileReference; lastKnownFileType = sourcecode.swift; path = "URL+Extensions.swift"; sourceTree = "<group>"; };
		37C92EA0297C5BCD004EE4B4 /* OAuth2TokenStorage.swift */ = {isa = PBXFileReference; lastKnownFileType = sourcecode.swift; path = OAuth2TokenStorage.swift; sourceTree = "<group>"; };
		37C92EA2297C6F5D004EE4B4 /* SplashViewController.swift */ = {isa = PBXFileReference; lastKnownFileType = sourcecode.swift; path = SplashViewController.swift; sourceTree = "<group>"; };
		37C938D3294E34930068B964 /* ImageFeed.app */ = {isa = PBXFileReference; explicitFileType = wrapper.application; includeInIndex = 0; path = ImageFeed.app; sourceTree = BUILT_PRODUCTS_DIR; };
		37C938D6294E34930068B964 /* AppDelegate.swift */ = {isa = PBXFileReference; lastKnownFileType = sourcecode.swift; path = AppDelegate.swift; sourceTree = "<group>"; };
		37C938D8294E34930068B964 /* SceneDelegate.swift */ = {isa = PBXFileReference; lastKnownFileType = sourcecode.swift; path = SceneDelegate.swift; sourceTree = "<group>"; };
		37C938DA294E34930068B964 /* ImagesListViewController.swift */ = {isa = PBXFileReference; lastKnownFileType = sourcecode.swift; path = ImagesListViewController.swift; sourceTree = "<group>"; };
		37C938DF294E34940068B964 /* Assets.xcassets */ = {isa = PBXFileReference; lastKnownFileType = folder.assetcatalog; path = Assets.xcassets; sourceTree = "<group>"; };
		37C938E4294E34940068B964 /* Info.plist */ = {isa = PBXFileReference; lastKnownFileType = text.plist.xml; path = Info.plist; sourceTree = "<group>"; };
		37C938EB294E34C40068B964 /* UIColor+Extensions.swift */ = {isa = PBXFileReference; lastKnownFileType = sourcecode.swift; path = "UIColor+Extensions.swift"; sourceTree = "<group>"; };
		37FCDC4E2979B5D700526F77 /* Constants.swift */ = {isa = PBXFileReference; lastKnownFileType = sourcecode.swift; path = Constants.swift; sourceTree = "<group>"; };
		37FCDC502979BFA800526F77 /* AuthViewController.swift */ = {isa = PBXFileReference; lastKnownFileType = sourcecode.swift; path = AuthViewController.swift; sourceTree = "<group>"; };
		37FCDC522979C56400526F77 /* WebViewViewController.swift */ = {isa = PBXFileReference; lastKnownFileType = sourcecode.swift; path = WebViewViewController.swift; sourceTree = "<group>"; };
/* End PBXFileReference section */

/* Begin PBXFrameworksBuildPhase section */
		37C938D0294E34930068B964 /* Frameworks */ = {
			isa = PBXFrameworksBuildPhase;
			buildActionMask = 2147483647;
			files = (
				376B691E298FF48800CB099A /* Kingfisher in Frameworks */,
				370F752F298BCE93002B4D31 /* ProgressHUD in Frameworks */,
				376B6921298FFDC100CB099A /* SwiftKeychainWrapper in Frameworks */,
			);
			runOnlyForDeploymentPostprocessing = 0;
		};
/* End PBXFrameworksBuildPhase section */

/* Begin PBXGroup section */
		370F7532298C0966002B4D31 /* Profile */ = {
			isa = PBXGroup;
			children = (
				370F7533298C0977002B4D31 /* ProfileService.swift */,
				370F7537298C46BE002B4D31 /* Profile.swift */,
				370F7539298C64CB002B4D31 /* ProfileImageService.swift */,
			);
			path = Profile;
			sourceTree = "<group>";
		};
		37280BC8297ADE0D00F6FBCD /* NetworkClient */ = {
			isa = PBXGroup;
			children = (
				37280BC9297ADE3200F6FBCD /* OAuthTokenResponseBody.swift */,
				37280BCB297ADFAF00F6FBCD /* OAuth2Service.swift */,
				37C92EA0297C5BCD004EE4B4 /* OAuth2TokenStorage.swift */,
			);
			path = NetworkClient;
			sourceTree = "<group>";
		};
		37305298295F3A55004B089F /* Cell */ = {
			isa = PBXGroup;
			children = (
				378B6C6F294E3E66001A3632 /* ImagesListCell.swift */,
			);
			path = Cell;
			sourceTree = "<group>";
		};
		376B6913298FD99F00CB099A /* AlertPresenter */ = {
			isa = PBXGroup;
			children = (
				376B6914298FD9B400CB099A /* AlertPresenter.swift */,
				376B6916298FDA0D00CB099A /* AlertModel.swift */,
				376B6918298FDA1800CB099A /* AlertPresenterProtocol.swift */,
				376B691A298FDA2200CB099A /* AlertPresenterDelegate.swift */,
			);
			path = AlertPresenter;
			sourceTree = "<group>";
		};
		376B6925299010A200CB099A /* Navigation */ = {
			isa = PBXGroup;
			children = (
				376B6926299010CA00CB099A /* TabBarController.swift */,
			);
			path = Navigation;
			sourceTree = "<group>";
		};
		378B6C71294E4048001A3632 /* ImagesList */ = {
			isa = PBXGroup;
			children = (
				37C938DA294E34930068B964 /* ImagesListViewController.swift */,
				37434393295DCC8C0050668F /* ProfileViewController.swift */,
				37305296295F3485004B089F /* SingleImageViewController.swift */,
			);
			path = ImagesList;
			sourceTree = "<group>";
		};
		37C92EA4297C6F62004EE4B4 /* SplashViewController */ = {
			isa = PBXGroup;
			children = (
				37C92EA2297C6F5D004EE4B4 /* SplashViewController.swift */,
			);
			path = SplashViewController;
			sourceTree = "<group>";
		};
		37C938CA294E34930068B964 = {
			isa = PBXGroup;
			children = (
				37C938D5294E34930068B964 /* ImageFeed */,
				37C938D4294E34930068B964 /* Products */,
			);
			sourceTree = "<group>";
		};
		37C938D4294E34930068B964 /* Products */ = {
			isa = PBXGroup;
			children = (
				37C938D3294E34930068B964 /* ImageFeed.app */,
			);
			name = Products;
			sourceTree = "<group>";
		};
		37C938D5294E34930068B964 /* ImageFeed */ = {
			isa = PBXGroup;
			children = (
				376B6925299010A200CB099A /* Navigation */,
				376B6913298FD99F00CB099A /* AlertPresenter */,
				370F7532298C0966002B4D31 /* Profile */,
				37C92EA4297C6F62004EE4B4 /* SplashViewController */,
				37280BC8297ADE0D00F6FBCD /* NetworkClient */,
				37FCDC542979C58800526F77 /* Auth */,
				37305298295F3A55004B089F /* Cell */,
				37C938EA294E34B10068B964 /* Helpers */,
				378B6C71294E4048001A3632 /* ImagesList */,
				37C938D6294E34930068B964 /* AppDelegate.swift */,
				37C938D8294E34930068B964 /* SceneDelegate.swift */,
				37C938DF294E34940068B964 /* Assets.xcassets */,
				37C938E4294E34940068B964 /* Info.plist */,
			);
			path = ImageFeed;
			sourceTree = "<group>";
		};
		37C938EA294E34B10068B964 /* Helpers */ = {
			isa = PBXGroup;
			children = (
				37FCDC4E2979B5D700526F77 /* Constants.swift */,
				37C938EB294E34C40068B964 /* UIColor+Extensions.swift */,
				37C92E9E297C5BA8004EE4B4 /* URL+Extensions.swift */,
				3763A48B297D8FBB00797E09 /* CustomNavigationController.swift */,
				370F7530298C039D002B4D31 /* UIBlockingProgressHUD.swift */,
			);
			path = Helpers;
			sourceTree = "<group>";
		};
		37FCDC542979C58800526F77 /* Auth */ = {
			isa = PBXGroup;
			children = (
				37FCDC502979BFA800526F77 /* AuthViewController.swift */,
				37FCDC522979C56400526F77 /* WebViewViewController.swift */,
				3757061F297A9E8C0008E379 /* WebViewControllerDelegate.swift */,
			);
			path = Auth;
			sourceTree = "<group>";
		};
/* End PBXGroup section */

/* Begin PBXNativeTarget section */
		37C938D2294E34930068B964 /* ImageFeed */ = {
			isa = PBXNativeTarget;
			buildConfigurationList = 37C938E7294E34940068B964 /* Build configuration list for PBXNativeTarget "ImageFeed" */;
			buildPhases = (
				37C938CF294E34930068B964 /* Sources */,
				37C938D0294E34930068B964 /* Frameworks */,
				37C938D1294E34930068B964 /* Resources */,
			);
			buildRules = (
			);
			dependencies = (
			);
			name = ImageFeed;
			packageProductDependencies = (
				370F752E298BCE93002B4D31 /* ProgressHUD */,
				376B691D298FF48800CB099A /* Kingfisher */,
				376B6920298FFDC100CB099A /* SwiftKeychainWrapper */,
			);
			productName = ImageFeed;
			productReference = 37C938D3294E34930068B964 /* ImageFeed.app */;
			productType = "com.apple.product-type.application";
		};
/* End PBXNativeTarget section */

/* Begin PBXProject section */
		37C938CB294E34930068B964 /* Project object */ = {
			isa = PBXProject;
			attributes = {
				BuildIndependentTargetsInParallel = 1;
				LastSwiftUpdateCheck = 1420;
				LastUpgradeCheck = 1420;
				TargetAttributes = {
					37C938D2294E34930068B964 = {
						CreatedOnToolsVersion = 14.2;
					};
				};
			};
			buildConfigurationList = 37C938CE294E34930068B964 /* Build configuration list for PBXProject "ImageFeed" */;
			compatibilityVersion = "Xcode 14.0";
			developmentRegion = en;
			hasScannedForEncodings = 0;
			knownRegions = (
				en,
				Base,
			);
			mainGroup = 37C938CA294E34930068B964;
			packageReferences = (
				370F752D298BCE93002B4D31 /* XCRemoteSwiftPackageReference "ProgressHUD" */,
				376B691C298FF48800CB099A /* XCRemoteSwiftPackageReference "Kingfisher" */,
				376B691F298FFDC100CB099A /* XCRemoteSwiftPackageReference "SwiftKeychainWrapper" */,
			);
			productRefGroup = 37C938D4294E34930068B964 /* Products */;
			projectDirPath = "";
			projectRoot = "";
			targets = (
				37C938D2294E34930068B964 /* ImageFeed */,
			);
		};
/* End PBXProject section */

/* Begin PBXResourcesBuildPhase section */
		37C938D1294E34930068B964 /* Resources */ = {
			isa = PBXResourcesBuildPhase;
			buildActionMask = 2147483647;
			files = (
				37C938E0294E34940068B964 /* Assets.xcassets in Resources */,
			);
			runOnlyForDeploymentPostprocessing = 0;
		};
/* End PBXResourcesBuildPhase section */

/* Begin PBXSourcesBuildPhase section */
		37C938CF294E34930068B964 /* Sources */ = {
			isa = PBXSourcesBuildPhase;
			buildActionMask = 2147483647;
			files = (
				37FCDC532979C56400526F77 /* WebViewViewController.swift in Sources */,
				376B6927299010CA00CB099A /* TabBarController.swift in Sources */,
				376B6919298FDA1800CB099A /* AlertPresenterProtocol.swift in Sources */,
				376B6915298FD9B400CB099A /* AlertPresenter.swift in Sources */,
				370F7538298C46BE002B4D31 /* Profile.swift in Sources */,
				37C92E9F297C5BA8004EE4B4 /* URL+Extensions.swift in Sources */,
				37434394295DCC8C0050668F /* ProfileViewController.swift in Sources */,
				37280BCA297ADE3200F6FBCD /* OAuthTokenResponseBody.swift in Sources */,
				378B6C70294E3E66001A3632 /* ImagesListCell.swift in Sources */,
				37280BCC297ADFB000F6FBCD /* OAuth2Service.swift in Sources */,
				37570620297A9E8C0008E379 /* WebViewControllerDelegate.swift in Sources */,
				37C938DB294E34930068B964 /* ImagesListViewController.swift in Sources */,
				37305297295F3485004B089F /* SingleImageViewController.swift in Sources */,
				37C938D7294E34930068B964 /* AppDelegate.swift in Sources */,
				37C938D9294E34930068B964 /* SceneDelegate.swift in Sources */,
				376B6917298FDA0D00CB099A /* AlertModel.swift in Sources */,
				376B691B298FDA2200CB099A /* AlertPresenterDelegate.swift in Sources */,
				37C938EC294E34C40068B964 /* UIColor+Extensions.swift in Sources */,
				37C92EA1297C5BCD004EE4B4 /* OAuth2TokenStorage.swift in Sources */,
				37FCDC512979BFA800526F77 /* AuthViewController.swift in Sources */,
				370F753A298C64CB002B4D31 /* ProfileImageService.swift in Sources */,
				370F7534298C0977002B4D31 /* ProfileService.swift in Sources */,
				37FCDC4F2979B5D700526F77 /* Constants.swift in Sources */,
				3763A48C297D8FBB00797E09 /* CustomNavigationController.swift in Sources */,
				37C92EA3297C6F5D004EE4B4 /* SplashViewController.swift in Sources */,
				370F7531298C039D002B4D31 /* UIBlockingProgressHUD.swift in Sources */,
			);
			runOnlyForDeploymentPostprocessing = 0;
		};
/* End PBXSourcesBuildPhase section */

/* Begin XCBuildConfiguration section */
		37C938E5294E34940068B964 /* Debug */ = {
			isa = XCBuildConfiguration;
			buildSettings = {
				ALWAYS_SEARCH_USER_PATHS = NO;
				CLANG_ANALYZER_NONNULL = YES;
				CLANG_ANALYZER_NUMBER_OBJECT_CONVERSION = YES_AGGRESSIVE;
				CLANG_CXX_LANGUAGE_STANDARD = "gnu++20";
				CLANG_ENABLE_MODULES = YES;
				CLANG_ENABLE_OBJC_ARC = YES;
				CLANG_ENABLE_OBJC_WEAK = YES;
				CLANG_WARN_BLOCK_CAPTURE_AUTORELEASING = YES;
				CLANG_WARN_BOOL_CONVERSION = YES;
				CLANG_WARN_COMMA = YES;
				CLANG_WARN_CONSTANT_CONVERSION = YES;
				CLANG_WARN_DEPRECATED_OBJC_IMPLEMENTATIONS = YES;
				CLANG_WARN_DIRECT_OBJC_ISA_USAGE = YES_ERROR;
				CLANG_WARN_DOCUMENTATION_COMMENTS = YES;
				CLANG_WARN_EMPTY_BODY = YES;
				CLANG_WARN_ENUM_CONVERSION = YES;
				CLANG_WARN_INFINITE_RECURSION = YES;
				CLANG_WARN_INT_CONVERSION = YES;
				CLANG_WARN_NON_LITERAL_NULL_CONVERSION = YES;
				CLANG_WARN_OBJC_IMPLICIT_RETAIN_SELF = YES;
				CLANG_WARN_OBJC_LITERAL_CONVERSION = YES;
				CLANG_WARN_OBJC_ROOT_CLASS = YES_ERROR;
				CLANG_WARN_QUOTED_INCLUDE_IN_FRAMEWORK_HEADER = YES;
				CLANG_WARN_RANGE_LOOP_ANALYSIS = YES;
				CLANG_WARN_STRICT_PROTOTYPES = YES;
				CLANG_WARN_SUSPICIOUS_MOVE = YES;
				CLANG_WARN_UNGUARDED_AVAILABILITY = YES_AGGRESSIVE;
				CLANG_WARN_UNREACHABLE_CODE = YES;
				CLANG_WARN__DUPLICATE_METHOD_MATCH = YES;
				COPY_PHASE_STRIP = NO;
				DEBUG_INFORMATION_FORMAT = dwarf;
				ENABLE_STRICT_OBJC_MSGSEND = YES;
				ENABLE_TESTABILITY = YES;
				GCC_C_LANGUAGE_STANDARD = gnu11;
				GCC_DYNAMIC_NO_PIC = NO;
				GCC_NO_COMMON_BLOCKS = YES;
				GCC_OPTIMIZATION_LEVEL = 0;
				GCC_PREPROCESSOR_DEFINITIONS = (
					"DEBUG=1",
					"$(inherited)",
				);
				GCC_WARN_64_TO_32_BIT_CONVERSION = YES;
				GCC_WARN_ABOUT_RETURN_TYPE = YES_ERROR;
				GCC_WARN_UNDECLARED_SELECTOR = YES;
				GCC_WARN_UNINITIALIZED_AUTOS = YES_AGGRESSIVE;
				GCC_WARN_UNUSED_FUNCTION = YES;
				GCC_WARN_UNUSED_VARIABLE = YES;
				IPHONEOS_DEPLOYMENT_TARGET = 16.2;
				MTL_ENABLE_DEBUG_INFO = INCLUDE_SOURCE;
				MTL_FAST_MATH = YES;
				ONLY_ACTIVE_ARCH = YES;
				SDKROOT = iphoneos;
				SWIFT_ACTIVE_COMPILATION_CONDITIONS = DEBUG;
				SWIFT_OPTIMIZATION_LEVEL = "-Onone";
			};
			name = Debug;
		};
		37C938E6294E34940068B964 /* Release */ = {
			isa = XCBuildConfiguration;
			buildSettings = {
				ALWAYS_SEARCH_USER_PATHS = NO;
				CLANG_ANALYZER_NONNULL = YES;
				CLANG_ANALYZER_NUMBER_OBJECT_CONVERSION = YES_AGGRESSIVE;
				CLANG_CXX_LANGUAGE_STANDARD = "gnu++20";
				CLANG_ENABLE_MODULES = YES;
				CLANG_ENABLE_OBJC_ARC = YES;
				CLANG_ENABLE_OBJC_WEAK = YES;
				CLANG_WARN_BLOCK_CAPTURE_AUTORELEASING = YES;
				CLANG_WARN_BOOL_CONVERSION = YES;
				CLANG_WARN_COMMA = YES;
				CLANG_WARN_CONSTANT_CONVERSION = YES;
				CLANG_WARN_DEPRECATED_OBJC_IMPLEMENTATIONS = YES;
				CLANG_WARN_DIRECT_OBJC_ISA_USAGE = YES_ERROR;
				CLANG_WARN_DOCUMENTATION_COMMENTS = YES;
				CLANG_WARN_EMPTY_BODY = YES;
				CLANG_WARN_ENUM_CONVERSION = YES;
				CLANG_WARN_INFINITE_RECURSION = YES;
				CLANG_WARN_INT_CONVERSION = YES;
				CLANG_WARN_NON_LITERAL_NULL_CONVERSION = YES;
				CLANG_WARN_OBJC_IMPLICIT_RETAIN_SELF = YES;
				CLANG_WARN_OBJC_LITERAL_CONVERSION = YES;
				CLANG_WARN_OBJC_ROOT_CLASS = YES_ERROR;
				CLANG_WARN_QUOTED_INCLUDE_IN_FRAMEWORK_HEADER = YES;
				CLANG_WARN_RANGE_LOOP_ANALYSIS = YES;
				CLANG_WARN_STRICT_PROTOTYPES = YES;
				CLANG_WARN_SUSPICIOUS_MOVE = YES;
				CLANG_WARN_UNGUARDED_AVAILABILITY = YES_AGGRESSIVE;
				CLANG_WARN_UNREACHABLE_CODE = YES;
				CLANG_WARN__DUPLICATE_METHOD_MATCH = YES;
				COPY_PHASE_STRIP = NO;
				DEBUG_INFORMATION_FORMAT = "dwarf-with-dsym";
				ENABLE_NS_ASSERTIONS = NO;
				ENABLE_STRICT_OBJC_MSGSEND = YES;
				GCC_C_LANGUAGE_STANDARD = gnu11;
				GCC_NO_COMMON_BLOCKS = YES;
				GCC_WARN_64_TO_32_BIT_CONVERSION = YES;
				GCC_WARN_ABOUT_RETURN_TYPE = YES_ERROR;
				GCC_WARN_UNDECLARED_SELECTOR = YES;
				GCC_WARN_UNINITIALIZED_AUTOS = YES_AGGRESSIVE;
				GCC_WARN_UNUSED_FUNCTION = YES;
				GCC_WARN_UNUSED_VARIABLE = YES;
				IPHONEOS_DEPLOYMENT_TARGET = 16.2;
				MTL_ENABLE_DEBUG_INFO = NO;
				MTL_FAST_MATH = YES;
				SDKROOT = iphoneos;
				SWIFT_COMPILATION_MODE = wholemodule;
				SWIFT_OPTIMIZATION_LEVEL = "-O";
				VALIDATE_PRODUCT = YES;
			};
			name = Release;
		};
		37C938E8294E34940068B964 /* Debug */ = {
			isa = XCBuildConfiguration;
			buildSettings = {
				ASSETCATALOG_COMPILER_APPICON_NAME = AppIcon;
				ASSETCATALOG_COMPILER_GLOBAL_ACCENT_COLOR_NAME = AccentColor;
				CODE_SIGN_STYLE = Automatic;
				CURRENT_PROJECT_VERSION = 1;
				DEVELOPMENT_TEAM = 2U4V96C2NN;
				GENERATE_INFOPLIST_FILE = YES;
				INFOPLIST_FILE = ImageFeed/Info.plist;
				INFOPLIST_KEY_UIApplicationSupportsIndirectInputEvents = YES;
				INFOPLIST_KEY_UILaunchStoryboardName = LaunchScreen;
				INFOPLIST_KEY_UIStatusBarStyle = UIStatusBarStyleLightContent;
				INFOPLIST_KEY_UISupportedInterfaceOrientations = UIInterfaceOrientationPortrait;
				INFOPLIST_KEY_UISupportedInterfaceOrientations_iPad = "UIInterfaceOrientationLandscapeLeft UIInterfaceOrientationLandscapeRight UIInterfaceOrientationPortrait UIInterfaceOrientationPortraitUpsideDown";
				IPHONEOS_DEPLOYMENT_TARGET = 13.0;
				LD_RUNPATH_SEARCH_PATHS = (
					"$(inherited)",
					"@executable_path/Frameworks",
				);
				MARKETING_VERSION = 1.0;
				PRODUCT_BUNDLE_IDENTIFIER = ru.aleksandreliseev.ImageFeed;
				PRODUCT_NAME = "$(TARGET_NAME)";
				SUPPORTED_PLATFORMS = "iphoneos iphonesimulator";
				SUPPORTS_MACCATALYST = NO;
				SUPPORTS_MAC_DESIGNED_FOR_IPHONE_IPAD = NO;
				SWIFT_EMIT_LOC_STRINGS = YES;
				SWIFT_VERSION = 5.0;
				TARGETED_DEVICE_FAMILY = 1;
			};
			name = Debug;
		};
		37C938E9294E34940068B964 /* Release */ = {
			isa = XCBuildConfiguration;
			buildSettings = {
				ASSETCATALOG_COMPILER_APPICON_NAME = AppIcon;
				ASSETCATALOG_COMPILER_GLOBAL_ACCENT_COLOR_NAME = AccentColor;
				CODE_SIGN_STYLE = Automatic;
				CURRENT_PROJECT_VERSION = 1;
				DEVELOPMENT_TEAM = 2U4V96C2NN;
				GENERATE_INFOPLIST_FILE = YES;
				INFOPLIST_FILE = ImageFeed/Info.plist;
				INFOPLIST_KEY_UIApplicationSupportsIndirectInputEvents = YES;
				INFOPLIST_KEY_UILaunchStoryboardName = LaunchScreen;
				INFOPLIST_KEY_UIStatusBarStyle = UIStatusBarStyleLightContent;
				INFOPLIST_KEY_UISupportedInterfaceOrientations = UIInterfaceOrientationPortrait;
				INFOPLIST_KEY_UISupportedInterfaceOrientations_iPad = "UIInterfaceOrientationLandscapeLeft UIInterfaceOrientationLandscapeRight UIInterfaceOrientationPortrait UIInterfaceOrientationPortraitUpsideDown";
				IPHONEOS_DEPLOYMENT_TARGET = 13.0;
				LD_RUNPATH_SEARCH_PATHS = (
					"$(inherited)",
					"@executable_path/Frameworks",
				);
				MARKETING_VERSION = 1.0;
				PRODUCT_BUNDLE_IDENTIFIER = ru.aleksandreliseev.ImageFeed;
				PRODUCT_NAME = "$(TARGET_NAME)";
				SUPPORTED_PLATFORMS = "iphoneos iphonesimulator";
				SUPPORTS_MACCATALYST = NO;
				SUPPORTS_MAC_DESIGNED_FOR_IPHONE_IPAD = NO;
				SWIFT_EMIT_LOC_STRINGS = YES;
				SWIFT_VERSION = 5.0;
				TARGETED_DEVICE_FAMILY = 1;
			};
			name = Release;
		};
/* End XCBuildConfiguration section */

/* Begin XCConfigurationList section */
		37C938CE294E34930068B964 /* Build configuration list for PBXProject "ImageFeed" */ = {
			isa = XCConfigurationList;
			buildConfigurations = (
				37C938E5294E34940068B964 /* Debug */,
				37C938E6294E34940068B964 /* Release */,
			);
			defaultConfigurationIsVisible = 0;
			defaultConfigurationName = Release;
		};
		37C938E7294E34940068B964 /* Build configuration list for PBXNativeTarget "ImageFeed" */ = {
			isa = XCConfigurationList;
			buildConfigurations = (
				37C938E8294E34940068B964 /* Debug */,
				37C938E9294E34940068B964 /* Release */,
			);
			defaultConfigurationIsVisible = 0;
			defaultConfigurationName = Release;
		};
/* End XCConfigurationList section */

/* Begin XCRemoteSwiftPackageReference section */
		370F752D298BCE93002B4D31 /* XCRemoteSwiftPackageReference "ProgressHUD" */ = {
			isa = XCRemoteSwiftPackageReference;
			repositoryURL = "https://github.com/relatedcode/ProgressHUD";
			requirement = {
				kind = upToNextMajorVersion;
				minimumVersion = 13.0.0;
			};
		};
		376B691C298FF48800CB099A /* XCRemoteSwiftPackageReference "Kingfisher" */ = {
			isa = XCRemoteSwiftPackageReference;
			repositoryURL = "https://github.com/onevcat/Kingfisher";
			requirement = {
				kind = upToNextMajorVersion;
				minimumVersion = 7.0.0;
			};
		};
		376B691F298FFDC100CB099A /* XCRemoteSwiftPackageReference "SwiftKeychainWrapper" */ = {
			isa = XCRemoteSwiftPackageReference;
			repositoryURL = "https://github.com/jrendel/SwiftKeychainWrapper";
			requirement = {
				kind = upToNextMajorVersion;
				minimumVersion = 4.0.0;
			};
		};
/* End XCRemoteSwiftPackageReference section */

/* Begin XCSwiftPackageProductDependency section */
		370F752E298BCE93002B4D31 /* ProgressHUD */ = {
			isa = XCSwiftPackageProductDependency;
			package = 370F752D298BCE93002B4D31 /* XCRemoteSwiftPackageReference "ProgressHUD" */;
			productName = ProgressHUD;
		};
		376B691D298FF48800CB099A /* Kingfisher */ = {
			isa = XCSwiftPackageProductDependency;
			package = 376B691C298FF48800CB099A /* XCRemoteSwiftPackageReference "Kingfisher" */;
			productName = Kingfisher;
		};
		376B6920298FFDC100CB099A /* SwiftKeychainWrapper */ = {
			isa = XCSwiftPackageProductDependency;
			package = 376B691F298FFDC100CB099A /* XCRemoteSwiftPackageReference "SwiftKeychainWrapper" */;
			productName = SwiftKeychainWrapper;
		};
/* End XCSwiftPackageProductDependency section */
	};
	rootObject = 37C938CB294E34930068B964 /* Project object */;
}
